PODS:
  - Alamofire (4.4.0)
  - Braintree/Core (4.7.5)
  - Braintree/DataCollector (4.7.5):
    - Braintree/Core
  - Braintree/PayPal (4.7.5):
    - Braintree/Core
    - Braintree/PayPalOneTouch
  - Braintree/PayPalDataCollector (4.7.5):
    - Braintree/Core
    - Braintree/PayPalUtils
  - Braintree/PayPalOneTouch (4.7.5):
    - Braintree/Core
    - Braintree/PayPalDataCollector
    - Braintree/PayPalUtils
  - Braintree/PayPalUtils (4.7.5)
  - Kingfisher (3.6.0)
  - MyCheckWalletUI (0.0.9):
    - Alamofire (~> 4.0)
    - Kingfisher (~> 3.0)
    - MyCheckWalletUI/Core (= 0.0.9)
  - MyCheckWalletUI/Core (0.0.9):
    - Alamofire (~> 4.0)
    - Kingfisher (~> 3.0)
  - MyCheckWalletUI/MasterPass (0.0.9):
    - Alamofire (~> 4.0)
    - Kingfisher (~> 3.0)
  - MyCheckWalletUI/PayPal (0.0.9):
    - Alamofire (~> 4.0)
    - Braintree/DataCollector
    - Braintree/PayPal
    - Kingfisher (~> 3.0)

DEPENDENCIES:
  - MyCheckWalletUI (from `../`)
  - MyCheckWalletUI/MasterPass (from `../`)
  - MyCheckWalletUI/PayPal (from `../`)

EXTERNAL SOURCES:
  MyCheckWalletUI:
    :path: ../

SPEC CHECKSUMS:
  Alamofire: dc44b1600b800eb63da6a19039a0083d62a6a62d
  Braintree: 07a215df0cb2d06997e39df564f9ae175908b0e9
  Kingfisher: 300035f9a40634dc9b452d946c9f22250688fecd
  MyCheckWalletUI: f767c4d0056d9401b8761e9cc9a08ea17ee256cc

PODFILE CHECKSUM: 31c607d05cfb252df00f1102837484061d7e1387

COCOAPODS: 1.2.0.beta.3
