PODS:
  - Alamofire (3.5.1)
  - Braintree/Core (4.7.2)
  - Braintree/DataCollector (4.7.2):
    - Braintree/Core
  - Braintree/PayPal (4.7.2):
    - Braintree/Core
    - Braintree/PayPalOneTouch
  - Braintree/PayPalDataCollector (4.7.2):
    - Braintree/Core
    - Braintree/PayPalUtils
  - Braintree/PayPalOneTouch (4.7.2):
    - Braintree/Core
    - Braintree/PayPalDataCollector
    - Braintree/PayPalUtils
  - Braintree/PayPalUtils (4.7.2)
  - Kingfisher (2.6.1)
  - MyCheckWalletUI (0.0.8):
    - Alamofire (~> 3.5)
    - Braintree/DataCollector
    - Braintree/PayPal
    - Kingfisher (~> 2.4)

DEPENDENCIES:
  - MyCheckWalletUI (from `../`)

EXTERNAL SOURCES:
  MyCheckWalletUI:
    :path: ../

SPEC CHECKSUMS:
  Alamofire: 0dfba1184a543e2aa160f4e39cac4e8aba48d223
  Braintree: 2de65628b1cb31df053ac808f2acd7a485569ecd
  Kingfisher: 7e5515bf6c4f2acad91f6400955d2257549cab7b
  MyCheckWalletUI: ee05c65390314d67cf37e0880fc3973b0b53009c

PODFILE CHECKSUM: 1afc1ca1e4b1eb7050f0177ed889419f7efb6bf6

COCOAPODS: 1.0.1
