PODS:
  - Alamofire (3.5.1)
  - MyCheckWalletUI (0.1.0):
    - Alamofire (~> 3.4)

DEPENDENCIES:
  - MyCheckWalletUI (from `../`)

EXTERNAL SOURCES:
  MyCheckWalletUI:
    :path: ../

SPEC CHECKSUMS:
  Alamofire: 0dfba1184a543e2aa160f4e39cac4e8aba48d223
  MyCheckWalletUI: a433403ab255f9d3e8da11f20c10fc4d4aa60c2e

PODFILE CHECKSUM: 53481c07becc8ef91c3ef67da10a2af8e7d534d1

COCOAPODS: 1.0.1
